{
  "requires": true,
  "lockfileVersion": 1,
  "dependencies": {
    "photoswipe": {
      "version": "5.2.4",
      "resolved": "https://registry.npmjs.org/photoswipe/-/photoswipe-5.2.4.tgz",
      "integrity": "sha512-7p+VH7ELUnW9/3rCULCmyXcUCEuZwcsxvxPQYzR4wk3EaXcLCiINMCspc9Qq9AJYNsqYo1qGVL1y1Tch8uKAjw=="
    }
  }
}
